// !$*UTF8*$!
{
	archiveVersion = 1;
	classes = {
	};
	objectVersion = 46;
	objects = {

/* Begin PBXBuildFile section */
		002F254298C545208B67A425 /* libsqlite3.dylib in Frameworks */ = {isa = PBXBuildFile; fileRef = 0B867A5F0D4C49179C5B4BE0 /* libsqlite3.dylib */; };
		0207DA581B56EA530066E2B4 /* Images.xcassets in Resources */ = {isa = PBXBuildFile; fileRef = 0207DA571B56EA530066E2B4 /* Images.xcassets */; };
		03C4CC5377074C06A2BCA5E4 /* FacebookConnectPlugin.m in Sources */ = {isa = PBXBuildFile; fileRef = 623273665AA74560BCE23901 /* FacebookConnectPlugin.m */; };
		1D3623260D0F684500981E51 /* AppDelegate.m in Sources */ = {isa = PBXBuildFile; fileRef = 1D3623250D0F684500981E51 /* AppDelegate.m */; };
		1D60589B0D05DD56006BFB54 /* main.m in Sources */ = {isa = PBXBuildFile; fileRef = 29B97316FDCFA39411CA2CEA /* main.m */; };
		2215165B7D2241B8B597F71D /* CDVCamera.m in Sources */ = {isa = PBXBuildFile; fileRef = B042E0EF89FE4118A1B938C3 /* CDVCamera.m */; };
		2899B0516A4847AB8ACF5B27 /* Accounts.framework in Frameworks */ = {isa = PBXBuildFile; fileRef = 6AD62A8651D24FEB827849BC /* Accounts.framework */; settings = {ATTRIBUTES = (Weak, ); }; };
		2CEEA180BD2D457FB0D5C3B9 /* Security.framework in Frameworks */ = {isa = PBXBuildFile; fileRef = 18F887B3FF4E4C09A56DF10E /* Security.framework */; settings = {ATTRIBUTES = (Weak, ); }; };
		2FABAC18679E43959AF5D814 /* CDVFileTransfer.m in Sources */ = {isa = PBXBuildFile; fileRef = 9953675407F146868BAC9BA6 /* CDVFileTransfer.m */; };
		301BF552109A68D80062928A /* libCordova.a in Frameworks */ = {isa = PBXBuildFile; fileRef = 301BF535109A57CC0062928A /* libCordova.a */; };
		302D95F114D2391D003F00A1 /* MainViewController.m in Sources */ = {isa = PBXBuildFile; fileRef = 302D95EF14D2391D003F00A1 /* MainViewController.m */; };
		302D95F214D2391D003F00A1 /* MainViewController.xib in Resources */ = {isa = PBXBuildFile; fileRef = 302D95F014D2391D003F00A1 /* MainViewController.xib */; };
		31DE9586832E49A58E465FFB /* Social.framework in Frameworks */ = {isa = PBXBuildFile; fileRef = C259F860345A43FF8BE712F7 /* Social.framework */; settings = {ATTRIBUTES = (Weak, ); }; };
		4B4B7BF9C46D482798EE97B2 /* CoreLocation.framework in Frameworks */ = {isa = PBXBuildFile; fileRef = 1911D7C372B046E3A685947F /* CoreLocation.framework */; };
		4E982DF39E3641BB9D783641 /* IonicKeyboard.m in Sources */ = {isa = PBXBuildFile; fileRef = 313763D2093748D0BB088722 /* IonicKeyboard.m */; };
		4FB61B8BA86E4906BF2437E2 /* CDVDevice.m in Sources */ = {isa = PBXBuildFile; fileRef = FD2E7CB28897417CA44AD7BE /* CDVDevice.m */; };
		528F6CBFCF874E4D8D4C34ED /* UIWebViewExtension.m in Sources */ = {isa = PBXBuildFile; fileRef = B7E3846076354958B101E69F /* UIWebViewExtension.m */; };
		57EAE9F8B894416CA7BFF6D9 /* UIImage+CropScaleOrientation.m in Sources */ = {isa = PBXBuildFile; fileRef = BC486ECD62C1490FA645C72A /* UIImage+CropScaleOrientation.m */; };
		5A77598199C04C87BB9542F9 /* CDVLogger.m in Sources */ = {isa = PBXBuildFile; fileRef = A1391B50E7E84E9791359CA7 /* CDVLogger.m */; };
		64CD0C059039485B9A9D9159 /* CDVAssetLibraryFilesystem.m in Sources */ = {isa = PBXBuildFile; fileRef = 055A36802EDE4E518B23ACB7 /* CDVAssetLibraryFilesystem.m */; };
		6B8A69E706E9412B8C5B303A /* CDVFile.m in Sources */ = {isa = PBXBuildFile; fileRef = E179C8586D8444EABC86A248 /* CDVFile.m */; };
		70A675AF7A6248D5AC50EFBA /* CDVLocalFilesystem.m in Sources */ = {isa = PBXBuildFile; fileRef = 64B973D0CD8949858F7EF93D /* CDVLocalFilesystem.m */; };
		8684830DE91F48688257C0ED /* FBSDKCoreKit.framework in Frameworks */ = {isa = PBXBuildFile; fileRef = 76AF5380E93344F2822404D8 /* FBSDKCoreKit.framework */; };
		96EF6D8CAD0046F888306ABE /* CDVViewController+SplashScreen.m in Sources */ = {isa = PBXBuildFile; fileRef = CF9DCEBF952747ACB41DD5EF /* CDVViewController+SplashScreen.m */; };
		97A9F36D74ED4768B73D31D5 /* CDVStatusBar.m in Sources */ = {isa = PBXBuildFile; fileRef = 131A5414F94D42F0BB12D974 /* CDVStatusBar.m */; };
		A5320F231E3745C3AC4E6E01 /* ImageIO.framework in Frameworks */ = {isa = PBXBuildFile; fileRef = 9114CE63C7B542A6A768D12B /* ImageIO.framework */; settings = {ATTRIBUTES = (Weak, ); }; };
		B19174FF7FA945D5B4E97F5E /* AVFoundation.framework in Frameworks */ = {isa = PBXBuildFile; fileRef = 5F3788E82D064D9BAD67C1E5 /* AVFoundation.framework */; };
		BC8E63FEF61A49BE99BD2EE2 /* Toast+UIView.m in Sources */ = {isa = PBXBuildFile; fileRef = D65344E9CA144A59A6FB2711 /* Toast+UIView.m */; };
		BD0B1577E1F24FA6B513CCD9 /* FBSDKShareKit.framework in Frameworks */ = {isa = PBXBuildFile; fileRef = 8964FEEC07774DFB85251A60 /* FBSDKShareKit.framework */; };
		C9131AB1DC764976AEF7B6E0 /* QuartzCore.framework in Frameworks */ = {isa = PBXBuildFile; fileRef = FA2FFCACC3AB4C398EBA44F2 /* QuartzCore.framework */; };
		CC89CDFE84D64F2FBCA2151A /* CDVJpegHeaderWriter.m in Sources */ = {isa = PBXBuildFile; fileRef = A16E4D07F22940E1B9383D3A /* CDVJpegHeaderWriter.m */; };
		D0AC08925BB34AF9AB900773 /* FBSDKLoginKit.framework in Frameworks */ = {isa = PBXBuildFile; fileRef = B134885DFA7148B082B913FD /* FBSDKLoginKit.framework */; };
		D994037A1B824DBC9E0F3E01 /* CDVSplashScreen.m in Sources */ = {isa = PBXBuildFile; fileRef = 0274604F35E14E89BCCC3B26 /* CDVSplashScreen.m */; };
		DB723C1A7D9141558E6EB26E /* Bolts.framework in Frameworks */ = {isa = PBXBuildFile; fileRef = 562A572668B34353951FB940 /* Bolts.framework */; };
		DDF04B797D8E4F009A7F41AF /* CDVInAppBrowser.m in Sources */ = {isa = PBXBuildFile; fileRef = 4E82BCC80366494AA15E523E /* CDVInAppBrowser.m */; };
		E021A748D40546F59FAA11CC /* Toast.m in Sources */ = {isa = PBXBuildFile; fileRef = 87A1BA32D0C141459888E064 /* Toast.m */; };
		FC4E7600E89C4C2190409B82 /* CDVLocation.m in Sources */ = {isa = PBXBuildFile; fileRef = D4E7FB03F63B49BFBF409921 /* CDVLocation.m */; };
/* End PBXBuildFile section */

/* Begin PBXContainerItemProxy section */
		301BF534109A57CC0062928A /* PBXContainerItemProxy */ = {
			isa = PBXContainerItemProxy;
			containerPortal = 301BF52D109A57CC0062928A /* CordovaLib.xcodeproj */;
			proxyType = 2;
			remoteGlobalIDString = D2AAC07E0554694100DB518D;
			remoteInfo = CordovaLib;
		};
		301BF550109A68C00062928A /* PBXContainerItemProxy */ = {
			isa = PBXContainerItemProxy;
			containerPortal = 301BF52D109A57CC0062928A /* CordovaLib.xcodeproj */;
			proxyType = 1;
			remoteGlobalIDString = D2AAC07D0554694100DB518D;
			remoteInfo = CordovaLib;
		};
/* End PBXContainerItemProxy section */

/* Begin PBXFileReference section */
		0207DA571B56EA530066E2B4 /* Images.xcassets */ = {isa = PBXFileReference; lastKnownFileType = folder.assetcatalog; name = Images.xcassets; path = Erosify/Images.xcassets; sourceTree = SOURCE_ROOT; };
		0274604F35E14E89BCCC3B26 /* CDVSplashScreen.m */ = {isa = PBXFileReference; explicitFileType = undefined; fileEncoding = 4; includeInIndex = 0; lastKnownFileType = sourcecode.c.objc; name = CDVSplashScreen.m; path = "cordova-plugin-splashscreen/CDVSplashScreen.m"; sourceTree = "<group>"; };
		055A36802EDE4E518B23ACB7 /* CDVAssetLibraryFilesystem.m */ = {isa = PBXFileReference; explicitFileType = undefined; fileEncoding = 4; includeInIndex = 0; lastKnownFileType = sourcecode.c.objc; name = CDVAssetLibraryFilesystem.m; path = "cordova-plugin-file/CDVAssetLibraryFilesystem.m"; sourceTree = "<group>"; };
		0B867A5F0D4C49179C5B4BE0 /* libsqlite3.dylib */ = {isa = PBXFileReference; explicitFileType = undefined; fileEncoding = 9; includeInIndex = 0; lastKnownFileType = "compiled.mach-o.dylib"; name = libsqlite3.dylib; path = usr/lib/libsqlite3.dylib; sourceTree = SDKROOT; };
		131A5414F94D42F0BB12D974 /* CDVStatusBar.m */ = {isa = PBXFileReference; explicitFileType = undefined; fileEncoding = 4; includeInIndex = 0; lastKnownFileType = sourcecode.c.objc; name = CDVStatusBar.m; path = "cordova-plugin-statusbar/CDVStatusBar.m"; sourceTree = "<group>"; };
		18F887B3FF4E4C09A56DF10E /* Security.framework */ = {isa = PBXFileReference; explicitFileType = undefined; fileEncoding = 9; includeInIndex = 0; lastKnownFileType = wrapper.framework; name = Security.framework; path = System/Library/Frameworks/Security.framework; sourceTree = SDKROOT; };
		1911D7C372B046E3A685947F /* CoreLocation.framework */ = {isa = PBXFileReference; explicitFileType = undefined; fileEncoding = 9; includeInIndex = 0; lastKnownFileType = wrapper.framework; name = CoreLocation.framework; path = System/Library/Frameworks/CoreLocation.framework; sourceTree = SDKROOT; };
		1C0CF92A9AC34B4C935580D3 /* UIImage+CropScaleOrientation.h */ = {isa = PBXFileReference; explicitFileType = undefined; fileEncoding = 4; includeInIndex = 0; lastKnownFileType = sourcecode.c.h; name = "UIImage+CropScaleOrientation.h"; path = "cordova-plugin-camera/UIImage+CropScaleOrientation.h"; sourceTree = "<group>"; };
		1D3623240D0F684500981E51 /* AppDelegate.h */ = {isa = PBXFileReference; fileEncoding = 4; lastKnownFileType = sourcecode.c.h; path = AppDelegate.h; sourceTree = "<group>"; };
		1D3623250D0F684500981E51 /* AppDelegate.m */ = {isa = PBXFileReference; fileEncoding = 4; lastKnownFileType = sourcecode.c.objc; path = AppDelegate.m; sourceTree = "<group>"; };
		1D6058910D05DD3D006BFB54 /* Erosify.app */ = {isa = PBXFileReference; explicitFileType = wrapper.application; includeInIndex = 0; path = Erosify.app; sourceTree = BUILT_PRODUCTS_DIR; };
		255C357F0E1F40789835B799 /* CDVLocation.h */ = {isa = PBXFileReference; explicitFileType = undefined; fileEncoding = 4; includeInIndex = 0; lastKnownFileType = sourcecode.c.h; name = CDVLocation.h; path = "cordova-plugin-geolocation/CDVLocation.h"; sourceTree = "<group>"; };
		29B97316FDCFA39411CA2CEA /* main.m */ = {isa = PBXFileReference; fileEncoding = 4; lastKnownFileType = sourcecode.c.objc; path = main.m; sourceTree = "<group>"; };
		301BF52D109A57CC0062928A /* CordovaLib.xcodeproj */ = {isa = PBXFileReference; lastKnownFileType = "wrapper.pb-project"; name = CordovaLib.xcodeproj; path = CordovaLib/CordovaLib.xcodeproj; sourceTree = "<group>"; };
		301BF56E109A69640062928A /* www */ = {isa = PBXFileReference; lastKnownFileType = folder; path = www; sourceTree = SOURCE_ROOT; };
		302D95EE14D2391D003F00A1 /* MainViewController.h */ = {isa = PBXFileReference; fileEncoding = 4; lastKnownFileType = sourcecode.c.h; path = MainViewController.h; sourceTree = "<group>"; };
		302D95EF14D2391D003F00A1 /* MainViewController.m */ = {isa = PBXFileReference; fileEncoding = 4; lastKnownFileType = sourcecode.c.objc; path = MainViewController.m; sourceTree = "<group>"; };
		302D95F014D2391D003F00A1 /* MainViewController.xib */ = {isa = PBXFileReference; fileEncoding = 4; lastKnownFileType = file.xib; path = MainViewController.xib; sourceTree = "<group>"; };
		3047A50F1AB8059700498E2A /* build-debug.xcconfig */ = {isa = PBXFileReference; fileEncoding = 4; lastKnownFileType = text.xcconfig; name = "build-debug.xcconfig"; path = "cordova/build-debug.xcconfig"; sourceTree = SOURCE_ROOT; };
		3047A5101AB8059700498E2A /* build-release.xcconfig */ = {isa = PBXFileReference; fileEncoding = 4; lastKnownFileType = text.xcconfig; name = "build-release.xcconfig"; path = "cordova/build-release.xcconfig"; sourceTree = SOURCE_ROOT; };
		3047A5111AB8059700498E2A /* build.xcconfig */ = {isa = PBXFileReference; fileEncoding = 4; lastKnownFileType = text.xcconfig; name = build.xcconfig; path = cordova/build.xcconfig; sourceTree = SOURCE_ROOT; };
		313763D2093748D0BB088722 /* IonicKeyboard.m */ = {isa = PBXFileReference; explicitFileType = undefined; fileEncoding = 4; includeInIndex = 0; lastKnownFileType = sourcecode.c.objc; name = IonicKeyboard.m; path = "ionic-plugin-keyboard/IonicKeyboard.m"; sourceTree = "<group>"; };
		32CA4F630368D1EE00C91783 /* Erosify-Prefix.pch */ = {isa = PBXFileReference; fileEncoding = 4; lastKnownFileType = sourcecode.c.h; path = "Erosify-Prefix.pch"; sourceTree = "<group>"; };
		34C5545C7B86487E84EA8B72 /* CDVDevice.h */ = {isa = PBXFileReference; explicitFileType = undefined; fileEncoding = 4; includeInIndex = 0; lastKnownFileType = sourcecode.c.h; name = CDVDevice.h; path = "cordova-plugin-device/CDVDevice.h"; sourceTree = "<group>"; };
		404A657A8A3E4A7A8175EA20 /* UIWebViewExtension.h */ = {isa = PBXFileReference; explicitFileType = undefined; fileEncoding = 4; includeInIndex = 0; lastKnownFileType = sourcecode.c.h; name = UIWebViewExtension.h; path = "ionic-plugin-keyboard/UIWebViewExtension.h"; sourceTree = "<group>"; };
		49AD27404EBE4DE3865F752E /* CDVInAppBrowser.h */ = {isa = PBXFileReference; explicitFileType = undefined; fileEncoding = 4; includeInIndex = 0; lastKnownFileType = sourcecode.c.h; name = CDVInAppBrowser.h; path = "cordova-plugin-inappbrowser/CDVInAppBrowser.h"; sourceTree = "<group>"; };
		4E82BCC80366494AA15E523E /* CDVInAppBrowser.m */ = {isa = PBXFileReference; explicitFileType = undefined; fileEncoding = 4; includeInIndex = 0; lastKnownFileType = sourcecode.c.objc; name = CDVInAppBrowser.m; path = "cordova-plugin-inappbrowser/CDVInAppBrowser.m"; sourceTree = "<group>"; };
		542C5ABB88E24EE5ABB9F131 /* Toast.h */ = {isa = PBXFileReference; explicitFileType = undefined; fileEncoding = 4; includeInIndex = 0; lastKnownFileType = sourcecode.c.h; name = Toast.h; path = "cordova-plugin-x-toast/Toast.h"; sourceTree = "<group>"; };
		562A572668B34353951FB940 /* Bolts.framework */ = {isa = PBXFileReference; explicitFileType = undefined; fileEncoding = 9; includeInIndex = 0; lastKnownFileType = wrapper.framework; name = Bolts.framework; path = "Erosify/Plugins/cordova-plugin-facebook4/Bolts.framework"; sourceTree = "<group>"; };
		5F3788E82D064D9BAD67C1E5 /* AVFoundation.framework */ = {isa = PBXFileReference; explicitFileType = undefined; fileEncoding = 9; includeInIndex = 0; lastKnownFileType = wrapper.framework; name = AVFoundation.framework; path = System/Library/Frameworks/AVFoundation.framework; sourceTree = SDKROOT; };
		603C2DFC6BE84129BB6130AE /* CDVCamera.h */ = {isa = PBXFileReference; explicitFileType = undefined; fileEncoding = 4; includeInIndex = 0; lastKnownFileType = sourcecode.c.h; name = CDVCamera.h; path = "cordova-plugin-camera/CDVCamera.h"; sourceTree = "<group>"; };
		623273665AA74560BCE23901 /* FacebookConnectPlugin.m */ = {isa = PBXFileReference; explicitFileType = undefined; fileEncoding = 4; includeInIndex = 0; lastKnownFileType = sourcecode.c.objc; name = FacebookConnectPlugin.m; path = "cordova-plugin-facebook4/FacebookConnectPlugin.m"; sourceTree = "<group>"; };
		64B973D0CD8949858F7EF93D /* CDVLocalFilesystem.m */ = {isa = PBXFileReference; explicitFileType = undefined; fileEncoding = 4; includeInIndex = 0; lastKnownFileType = sourcecode.c.objc; name = CDVLocalFilesystem.m; path = "cordova-plugin-file/CDVLocalFilesystem.m"; sourceTree = "<group>"; };
		6AD62A8651D24FEB827849BC /* Accounts.framework */ = {isa = PBXFileReference; explicitFileType = undefined; fileEncoding = 9; includeInIndex = 0; lastKnownFileType = wrapper.framework; name = Accounts.framework; path = System/Library/Frameworks/Accounts.framework; sourceTree = SDKROOT; };
		76AF5380E93344F2822404D8 /* FBSDKCoreKit.framework */ = {isa = PBXFileReference; explicitFileType = undefined; fileEncoding = 9; includeInIndex = 0; lastKnownFileType = wrapper.framework; name = FBSDKCoreKit.framework; path = "Erosify/Plugins/cordova-plugin-facebook4/FBSDKCoreKit.framework"; sourceTree = "<group>"; };
		7B41E3634358443EA8954695 /* CDVViewController+SplashScreen.h */ = {isa = PBXFileReference; explicitFileType = undefined; fileEncoding = 4; includeInIndex = 0; lastKnownFileType = sourcecode.c.h; name = "CDVViewController+SplashScreen.h"; path = "cordova-plugin-splashscreen/CDVViewController+SplashScreen.h"; sourceTree = "<group>"; };
		7D70587F637D42208884DFB4 /* CDVAssetLibraryFilesystem.h */ = {isa = PBXFileReference; explicitFileType = undefined; fileEncoding = 4; includeInIndex = 0; lastKnownFileType = sourcecode.c.h; name = CDVAssetLibraryFilesystem.h; path = "cordova-plugin-file/CDVAssetLibraryFilesystem.h"; sourceTree = "<group>"; };
		80117FC8607248B18A248849 /* FacebookConnectPlugin.h */ = {isa = PBXFileReference; explicitFileType = undefined; fileEncoding = 4; includeInIndex = 0; lastKnownFileType = sourcecode.c.h; name = FacebookConnectPlugin.h; path = "cordova-plugin-facebook4/FacebookConnectPlugin.h"; sourceTree = "<group>"; };
		87A1BA32D0C141459888E064 /* Toast.m */ = {isa = PBXFileReference; explicitFileType = undefined; fileEncoding = 4; includeInIndex = 0; lastKnownFileType = sourcecode.c.objc; name = Toast.m; path = "cordova-plugin-x-toast/Toast.m"; sourceTree = "<group>"; };
		8964FEEC07774DFB85251A60 /* FBSDKShareKit.framework */ = {isa = PBXFileReference; explicitFileType = undefined; fileEncoding = 9; includeInIndex = 0; lastKnownFileType = wrapper.framework; name = FBSDKShareKit.framework; path = "Erosify/Plugins/cordova-plugin-facebook4/FBSDKShareKit.framework"; sourceTree = "<group>"; };
		8D1107310486CEB800E47090 /* Erosify-Info.plist */ = {isa = PBXFileReference; fileEncoding = 4; lastKnownFileType = text.plist.xml; name = "Erosify-Info.plist"; path = "Erosify/Erosify-Info.plist"; plistStructureDefinitionIdentifier = "com.apple.xcode.plist.structure-definition.iphone.info-plist"; sourceTree = SOURCE_ROOT; };
		9114CE63C7B542A6A768D12B /* ImageIO.framework */ = {isa = PBXFileReference; explicitFileType = undefined; fileEncoding = 9; includeInIndex = 0; lastKnownFileType = wrapper.framework; name = ImageIO.framework; path = System/Library/Frameworks/ImageIO.framework; sourceTree = SDKROOT; };
		92F25CFDE6324B2FA653C791 /* CDVStatusBar.h */ = {isa = PBXFileReference; explicitFileType = undefined; fileEncoding = 4; includeInIndex = 0; lastKnownFileType = sourcecode.c.h; name = CDVStatusBar.h; path = "cordova-plugin-statusbar/CDVStatusBar.h"; sourceTree = "<group>"; };
		932A3258A3B3427A86B42AE5 /* CDVExif.h */ = {isa = PBXFileReference; explicitFileType = undefined; fileEncoding = 4; includeInIndex = 0; lastKnownFileType = sourcecode.c.h; name = CDVExif.h; path = "cordova-plugin-camera/CDVExif.h"; sourceTree = "<group>"; };
		9953675407F146868BAC9BA6 /* CDVFileTransfer.m */ = {isa = PBXFileReference; explicitFileType = undefined; fileEncoding = 4; includeInIndex = 0; lastKnownFileType = sourcecode.c.objc; name = CDVFileTransfer.m; path = "cordova-plugin-file-transfer/CDVFileTransfer.m"; sourceTree = "<group>"; };
		A1391B50E7E84E9791359CA7 /* CDVLogger.m */ = {isa = PBXFileReference; explicitFileType = undefined; fileEncoding = 4; includeInIndex = 0; lastKnownFileType = sourcecode.c.objc; name = CDVLogger.m; path = "cordova-plugin-console/CDVLogger.m"; sourceTree = "<group>"; };
		A16E4D07F22940E1B9383D3A /* CDVJpegHeaderWriter.m */ = {isa = PBXFileReference; explicitFileType = undefined; fileEncoding = 4; includeInIndex = 0; lastKnownFileType = sourcecode.c.objc; name = CDVJpegHeaderWriter.m; path = "cordova-plugin-camera/CDVJpegHeaderWriter.m"; sourceTree = "<group>"; };
		A28A09A69D1044C4B65F1A23 /* CDVSplashScreen.h */ = {isa = PBXFileReference; explicitFileType = undefined; fileEncoding = 4; includeInIndex = 0; lastKnownFileType = sourcecode.c.h; name = CDVSplashScreen.h; path = "cordova-plugin-splashscreen/CDVSplashScreen.h"; sourceTree = "<group>"; };
		A75727697FDD489A86073A15 /* CDVFileTransfer.h */ = {isa = PBXFileReference; explicitFileType = undefined; fileEncoding = 4; includeInIndex = 0; lastKnownFileType = sourcecode.c.h; name = CDVFileTransfer.h; path = "cordova-plugin-file-transfer/CDVFileTransfer.h"; sourceTree = "<group>"; };
		B042E0EF89FE4118A1B938C3 /* CDVCamera.m */ = {isa = PBXFileReference; explicitFileType = undefined; fileEncoding = 4; includeInIndex = 0; lastKnownFileType = sourcecode.c.objc; name = CDVCamera.m; path = "cordova-plugin-camera/CDVCamera.m"; sourceTree = "<group>"; };
		B134885DFA7148B082B913FD /* FBSDKLoginKit.framework */ = {isa = PBXFileReference; explicitFileType = undefined; fileEncoding = 9; includeInIndex = 0; lastKnownFileType = wrapper.framework; name = FBSDKLoginKit.framework; path = "Erosify/Plugins/cordova-plugin-facebook4/FBSDKLoginKit.framework"; sourceTree = "<group>"; };
		B31BAF6A789A41EBA43BDC12 /* IonicKeyboard.h */ = {isa = PBXFileReference; explicitFileType = undefined; fileEncoding = 4; includeInIndex = 0; lastKnownFileType = sourcecode.c.h; name = IonicKeyboard.h; path = "ionic-plugin-keyboard/IonicKeyboard.h"; sourceTree = "<group>"; };
		B7E3846076354958B101E69F /* UIWebViewExtension.m */ = {isa = PBXFileReference; explicitFileType = undefined; fileEncoding = 4; includeInIndex = 0; lastKnownFileType = sourcecode.c.objc; name = UIWebViewExtension.m; path = "ionic-plugin-keyboard/UIWebViewExtension.m"; sourceTree = "<group>"; };
		B81207CAC037453B904E0070 /* CDVFile.h */ = {isa = PBXFileReference; explicitFileType = undefined; fileEncoding = 4; includeInIndex = 0; lastKnownFileType = sourcecode.c.h; name = CDVFile.h; path = "cordova-plugin-file/CDVFile.h"; sourceTree = "<group>"; };
		BC486ECD62C1490FA645C72A /* UIImage+CropScaleOrientation.m */ = {isa = PBXFileReference; explicitFileType = undefined; fileEncoding = 4; includeInIndex = 0; lastKnownFileType = sourcecode.c.objc; name = "UIImage+CropScaleOrientation.m"; path = "cordova-plugin-camera/UIImage+CropScaleOrientation.m"; sourceTree = "<group>"; };
		C259F860345A43FF8BE712F7 /* Social.framework */ = {isa = PBXFileReference; explicitFileType = undefined; fileEncoding = 9; includeInIndex = 0; lastKnownFileType = wrapper.framework; name = Social.framework; path = System/Library/Frameworks/Social.framework; sourceTree = SDKROOT; };
		CF32E4035F184D3D931F496F /* Toast+UIView.h */ = {isa = PBXFileReference; explicitFileType = undefined; fileEncoding = 4; includeInIndex = 0; lastKnownFileType = sourcecode.c.h; name = "Toast+UIView.h"; path = "cordova-plugin-x-toast/Toast+UIView.h"; sourceTree = "<group>"; };
		CF9DCEBF952747ACB41DD5EF /* CDVViewController+SplashScreen.m */ = {isa = PBXFileReference; explicitFileType = undefined; fileEncoding = 4; includeInIndex = 0; lastKnownFileType = sourcecode.c.objc; name = "CDVViewController+SplashScreen.m"; path = "cordova-plugin-splashscreen/CDVViewController+SplashScreen.m"; sourceTree = "<group>"; };
		D4E7FB03F63B49BFBF409921 /* CDVLocation.m */ = {isa = PBXFileReference; explicitFileType = undefined; fileEncoding = 4; includeInIndex = 0; lastKnownFileType = sourcecode.c.objc; name = CDVLocation.m; path = "cordova-plugin-geolocation/CDVLocation.m"; sourceTree = "<group>"; };
		D65344E9CA144A59A6FB2711 /* Toast+UIView.m */ = {isa = PBXFileReference; explicitFileType = undefined; fileEncoding = 4; includeInIndex = 0; lastKnownFileType = sourcecode.c.objc; name = "Toast+UIView.m"; path = "cordova-plugin-x-toast/Toast+UIView.m"; sourceTree = "<group>"; };
		E179C8586D8444EABC86A248 /* CDVFile.m */ = {isa = PBXFileReference; explicitFileType = undefined; fileEncoding = 4; includeInIndex = 0; lastKnownFileType = sourcecode.c.objc; name = CDVFile.m; path = "cordova-plugin-file/CDVFile.m"; sourceTree = "<group>"; };
		E1C73076F8E44FF4947D01B3 /* CDVLogger.h */ = {isa = PBXFileReference; explicitFileType = undefined; fileEncoding = 4; includeInIndex = 0; lastKnownFileType = sourcecode.c.h; name = CDVLogger.h; path = "cordova-plugin-console/CDVLogger.h"; sourceTree = "<group>"; };
		E9E19FD7DD0B4FADABC7C5AC /* CDVJpegHeaderWriter.h */ = {isa = PBXFileReference; explicitFileType = undefined; fileEncoding = 4; includeInIndex = 0; lastKnownFileType = sourcecode.c.h; name = CDVJpegHeaderWriter.h; path = "cordova-plugin-camera/CDVJpegHeaderWriter.h"; sourceTree = "<group>"; };
		EB87FDF31871DA8E0020F90C /* www */ = {isa = PBXFileReference; lastKnownFileType = folder; name = www; path = ../../www; sourceTree = "<group>"; };
		EB87FDF41871DAF40020F90C /* config.xml */ = {isa = PBXFileReference; lastKnownFileType = text.xml; name = config.xml; path = ../../config.xml; sourceTree = "<group>"; };
		ED33DF2A687741AEAF9F8254 /* Bridging-Header.h */ = {isa = PBXFileReference; fileEncoding = 4; lastKnownFileType = sourcecode.c.h; path = "Bridging-Header.h"; sourceTree = "<group>"; };
		F283C336EE9E48E694190B68 /* CDVLocalFilesystem.h */ = {isa = PBXFileReference; explicitFileType = undefined; fileEncoding = 4; includeInIndex = 0; lastKnownFileType = sourcecode.c.h; name = CDVLocalFilesystem.h; path = "cordova-plugin-file/CDVLocalFilesystem.h"; sourceTree = "<group>"; };
		F840E1F0165FE0F500CFE078 /* config.xml */ = {isa = PBXFileReference; lastKnownFileType = text.xml; name = config.xml; path = Erosify/config.xml; sourceTree = "<group>"; };
		FA2FFCACC3AB4C398EBA44F2 /* QuartzCore.framework */ = {isa = PBXFileReference; explicitFileType = undefined; fileEncoding = 9; includeInIndex = 0; lastKnownFileType = wrapper.framework; name = QuartzCore.framework; path = System/Library/Frameworks/QuartzCore.framework; sourceTree = SDKROOT; };
		FD2E7CB28897417CA44AD7BE /* CDVDevice.m */ = {isa = PBXFileReference; explicitFileType = undefined; fileEncoding = 4; includeInIndex = 0; lastKnownFileType = sourcecode.c.objc; name = CDVDevice.m; path = "cordova-plugin-device/CDVDevice.m"; sourceTree = "<group>"; };
/* End PBXFileReference section */

/* Begin PBXFrameworksBuildPhase section */
		1D60588F0D05DD3D006BFB54 /* Frameworks */ = {
			isa = PBXFrameworksBuildPhase;
			buildActionMask = 2147483647;
			files = (
				301BF552109A68D80062928A /* libCordova.a in Frameworks */,
				A5320F231E3745C3AC4E6E01 /* ImageIO.framework in Frameworks */,
				4B4B7BF9C46D482798EE97B2 /* CoreLocation.framework in Frameworks */,
				B19174FF7FA945D5B4E97F5E /* AVFoundation.framework in Frameworks */,
				002F254298C545208B67A425 /* libsqlite3.dylib in Frameworks */,
				31DE9586832E49A58E465FFB /* Social.framework in Frameworks */,
				2899B0516A4847AB8ACF5B27 /* Accounts.framework in Frameworks */,
				2CEEA180BD2D457FB0D5C3B9 /* Security.framework in Frameworks */,
				DB723C1A7D9141558E6EB26E /* Bolts.framework in Frameworks */,
				8684830DE91F48688257C0ED /* FBSDKCoreKit.framework in Frameworks */,
				D0AC08925BB34AF9AB900773 /* FBSDKLoginKit.framework in Frameworks */,
				BD0B1577E1F24FA6B513CCD9 /* FBSDKShareKit.framework in Frameworks */,
				C9131AB1DC764976AEF7B6E0 /* QuartzCore.framework in Frameworks */,
			);
			runOnlyForDeploymentPostprocessing = 0;
		};
/* End PBXFrameworksBuildPhase section */

/* Begin PBXGroup section */
		080E96DDFE201D6D7F000001 /* Classes */ = {
			isa = PBXGroup;
			children = (
				302D95EE14D2391D003F00A1 /* MainViewController.h */,
				302D95EF14D2391D003F00A1 /* MainViewController.m */,
				302D95F014D2391D003F00A1 /* MainViewController.xib */,
				1D3623240D0F684500981E51 /* AppDelegate.h */,
				1D3623250D0F684500981E51 /* AppDelegate.m */,
			);
			name = Classes;
			path = Erosify/Classes;
			sourceTree = SOURCE_ROOT;
		};
		19C28FACFE9D520D11CA2CBB /* Products */ = {
			isa = PBXGroup;
			children = (
				1D6058910D05DD3D006BFB54 /* Erosify.app */,
			);
			name = Products;
			sourceTree = "<group>";
		};
		29B97314FDCFA39411CA2CEA /* CustomTemplate */ = {
			isa = PBXGroup;
			children = (
				EB87FDF41871DAF40020F90C /* config.xml */,
				EB87FDF31871DA8E0020F90C /* www */,
				EB87FDF11871DA420020F90C /* Staging */,
				301BF52D109A57CC0062928A /* CordovaLib.xcodeproj */,
				080E96DDFE201D6D7F000001 /* Classes */,
				307C750510C5A3420062BCA9 /* Plugins */,
				29B97315FDCFA39411CA2CEA /* Other Sources */,
				29B97317FDCFA39411CA2CEA /* Resources */,
				29B97323FDCFA39411CA2CEA /* Frameworks */,
				19C28FACFE9D520D11CA2CBB /* Products */,
			);
			name = CustomTemplate;
			sourceTree = "<group>";
		};
		29B97315FDCFA39411CA2CEA /* Other Sources */ = {
			isa = PBXGroup;
			children = (
				32CA4F630368D1EE00C91783 /* Erosify-Prefix.pch */,
				29B97316FDCFA39411CA2CEA /* main.m */,
				ED33DF2A687741AEAF9F8254 /* Bridging-Header.h */,
			);
			name = "Other Sources";
			path = Erosify;
			sourceTree = "<group>";
		};
		29B97317FDCFA39411CA2CEA /* Resources */ = {
			isa = PBXGroup;
			children = (
				0207DA571B56EA530066E2B4 /* Images.xcassets */,
				3047A50E1AB8057F00498E2A /* config */,
				8D1107310486CEB800E47090 /* Erosify-Info.plist */,
			);
			name = Resources;
			path = Erosify/Resources;
			sourceTree = "<group>";
		};
		29B97323FDCFA39411CA2CEA /* Frameworks */ = {
			isa = PBXGroup;
			children = (
				9114CE63C7B542A6A768D12B /* ImageIO.framework */,
				1911D7C372B046E3A685947F /* CoreLocation.framework */,
				5F3788E82D064D9BAD67C1E5 /* AVFoundation.framework */,
				0B867A5F0D4C49179C5B4BE0 /* libsqlite3.dylib */,
				C259F860345A43FF8BE712F7 /* Social.framework */,
				6AD62A8651D24FEB827849BC /* Accounts.framework */,
				18F887B3FF4E4C09A56DF10E /* Security.framework */,
				562A572668B34353951FB940 /* Bolts.framework */,
				76AF5380E93344F2822404D8 /* FBSDKCoreKit.framework */,
				B134885DFA7148B082B913FD /* FBSDKLoginKit.framework */,
				8964FEEC07774DFB85251A60 /* FBSDKShareKit.framework */,
				FA2FFCACC3AB4C398EBA44F2 /* QuartzCore.framework */,
			);
			name = Frameworks;
			sourceTree = "<group>";
		};
		301BF52E109A57CC0062928A /* Products */ = {
			isa = PBXGroup;
			children = (
				301BF535109A57CC0062928A /* libCordova.a */,
			);
			name = Products;
			sourceTree = "<group>";
		};
		3047A50E1AB8057F00498E2A /* config */ = {
			isa = PBXGroup;
			children = (
				3047A50F1AB8059700498E2A /* build-debug.xcconfig */,
				3047A5101AB8059700498E2A /* build-release.xcconfig */,
				3047A5111AB8059700498E2A /* build.xcconfig */,
			);
			name = config;
			sourceTree = "<group>";
		};
		307C750510C5A3420062BCA9 /* Plugins */ = {
			isa = PBXGroup;
			children = (
				BC486ECD62C1490FA645C72A /* UIImage+CropScaleOrientation.m */,
				B042E0EF89FE4118A1B938C3 /* CDVCamera.m */,
				A16E4D07F22940E1B9383D3A /* CDVJpegHeaderWriter.m */,
				1C0CF92A9AC34B4C935580D3 /* UIImage+CropScaleOrientation.h */,
				603C2DFC6BE84129BB6130AE /* CDVCamera.h */,
				E9E19FD7DD0B4FADABC7C5AC /* CDVJpegHeaderWriter.h */,
				932A3258A3B3427A86B42AE5 /* CDVExif.h */,
				A1391B50E7E84E9791359CA7 /* CDVLogger.m */,
				E1C73076F8E44FF4947D01B3 /* CDVLogger.h */,
				FD2E7CB28897417CA44AD7BE /* CDVDevice.m */,
				34C5545C7B86487E84EA8B72 /* CDVDevice.h */,
				E179C8586D8444EABC86A248 /* CDVFile.m */,
				64B973D0CD8949858F7EF93D /* CDVLocalFilesystem.m */,
				055A36802EDE4E518B23ACB7 /* CDVAssetLibraryFilesystem.m */,
				B81207CAC037453B904E0070 /* CDVFile.h */,
				F283C336EE9E48E694190B68 /* CDVLocalFilesystem.h */,
				7D70587F637D42208884DFB4 /* CDVAssetLibraryFilesystem.h */,
				9953675407F146868BAC9BA6 /* CDVFileTransfer.m */,
				A75727697FDD489A86073A15 /* CDVFileTransfer.h */,
				D4E7FB03F63B49BFBF409921 /* CDVLocation.m */,
				255C357F0E1F40789835B799 /* CDVLocation.h */,
				4E82BCC80366494AA15E523E /* CDVInAppBrowser.m */,
				49AD27404EBE4DE3865F752E /* CDVInAppBrowser.h */,
				0274604F35E14E89BCCC3B26 /* CDVSplashScreen.m */,
				CF9DCEBF952747ACB41DD5EF /* CDVViewController+SplashScreen.m */,
				A28A09A69D1044C4B65F1A23 /* CDVSplashScreen.h */,
				7B41E3634358443EA8954695 /* CDVViewController+SplashScreen.h */,
				131A5414F94D42F0BB12D974 /* CDVStatusBar.m */,
				92F25CFDE6324B2FA653C791 /* CDVStatusBar.h */,
				313763D2093748D0BB088722 /* IonicKeyboard.m */,
				B7E3846076354958B101E69F /* UIWebViewExtension.m */,
				B31BAF6A789A41EBA43BDC12 /* IonicKeyboard.h */,
				404A657A8A3E4A7A8175EA20 /* UIWebViewExtension.h */,
				623273665AA74560BCE23901 /* FacebookConnectPlugin.m */,
				80117FC8607248B18A248849 /* FacebookConnectPlugin.h */,
				D65344E9CA144A59A6FB2711 /* Toast+UIView.m */,
				87A1BA32D0C141459888E064 /* Toast.m */,
				CF32E4035F184D3D931F496F /* Toast+UIView.h */,
				542C5ABB88E24EE5ABB9F131 /* Toast.h */,
			);
			name = Plugins;
			path = Erosify/Plugins;
			sourceTree = SOURCE_ROOT;
		};
		EB87FDF11871DA420020F90C /* Staging */ = {
			isa = PBXGroup;
			children = (
				F840E1F0165FE0F500CFE078 /* config.xml */,
				301BF56E109A69640062928A /* www */,
			);
			name = Staging;
			sourceTree = "<group>";
		};
/* End PBXGroup section */

/* Begin PBXNativeTarget section */
		1D6058900D05DD3D006BFB54 /* Erosify */ = {
			isa = PBXNativeTarget;
			buildConfigurationList = 1D6058960D05DD3E006BFB54 /* Build configuration list for PBXNativeTarget "Erosify" */;
			buildPhases = (
				304B58A110DAC018002A0835 /* Copy www directory */,
				1D60588D0D05DD3D006BFB54 /* Resources */,
				1D60588E0D05DD3D006BFB54 /* Sources */,
				1D60588F0D05DD3D006BFB54 /* Frameworks */,
			);
			buildRules = (
			);
			dependencies = (
				301BF551109A68C00062928A /* PBXTargetDependency */,
			);
			name = Erosify;
			productName = Erosify;
			productReference = 1D6058910D05DD3D006BFB54 /* Erosify.app */;
			productType = "com.apple.product-type.application";
		};
/* End PBXNativeTarget section */

/* Begin PBXProject section */
		29B97313FDCFA39411CA2CEA /* Project object */ = {
			isa = PBXProject;
			attributes = {
				LastUpgradeCheck = 730;
				TargetAttributes = {
					1D6058900D05DD3D006BFB54 = {
						DevelopmentTeam = PUD5Z6B5T5;
					};
				};
			};
			buildConfigurationList = C01FCF4E08A954540054247B /* Build configuration list for PBXProject "Erosify" */;
			compatibilityVersion = "Xcode 3.2";
			developmentRegion = English;
			hasScannedForEncodings = 1;
			knownRegions = (
				en,
			);
			mainGroup = 29B97314FDCFA39411CA2CEA /* CustomTemplate */;
			projectDirPath = "";
			projectReferences = (
				{
					ProductGroup = 301BF52E109A57CC0062928A /* Products */;
					ProjectRef = 301BF52D109A57CC0062928A /* CordovaLib.xcodeproj */;
				},
			);
			projectRoot = "";
			targets = (
				1D6058900D05DD3D006BFB54 /* Erosify */,
			);
		};
/* End PBXProject section */

/* Begin PBXReferenceProxy section */
		301BF535109A57CC0062928A /* libCordova.a */ = {
			isa = PBXReferenceProxy;
			fileType = archive.ar;
			path = libCordova.a;
			remoteRef = 301BF534109A57CC0062928A /* PBXContainerItemProxy */;
			sourceTree = BUILT_PRODUCTS_DIR;
		};
/* End PBXReferenceProxy section */

/* Begin PBXResourcesBuildPhase section */
		1D60588D0D05DD3D006BFB54 /* Resources */ = {
			isa = PBXResourcesBuildPhase;
			buildActionMask = 2147483647;
			files = (
				302D95F214D2391D003F00A1 /* MainViewController.xib in Resources */,
				0207DA581B56EA530066E2B4 /* Images.xcassets in Resources */,
			);
			runOnlyForDeploymentPostprocessing = 0;
		};
/* End PBXResourcesBuildPhase section */

/* Begin PBXShellScriptBuildPhase section */
		304B58A110DAC018002A0835 /* Copy www directory */ = {
			isa = PBXShellScriptBuildPhase;
			buildActionMask = 2147483647;
			files = (
			);
			inputPaths = (
			);
			name = "Copy www directory";
			outputPaths = (
			);
			runOnlyForDeploymentPostprocessing = 0;
			shellPath = /bin/sh;
			shellScript = "NODEJS_PATH=/usr/local/bin; NVM_NODE_PATH=~/.nvm/versions/node/`nvm version 2>/dev/null`/bin; N_NODE_PATH=`find /usr/local/n/versions/node/* -maxdepth 0 -type d 2>/dev/null | tail -1`/bin; XCODE_NODE_PATH=`xcode-select --print-path`/usr/share/xcs/Node/bin; PATH=$NODEJS_PATH:$NVM_NODE_PATH:$N_NODE_PATH:$XCODE_NODE_PATH:$PATH && node cordova/lib/copy-www-build-step.js";
			showEnvVarsInLog = 0;
		};
/* End PBXShellScriptBuildPhase section */

/* Begin PBXSourcesBuildPhase section */
		1D60588E0D05DD3D006BFB54 /* Sources */ = {
			isa = PBXSourcesBuildPhase;
			buildActionMask = 2147483647;
			files = (
				1D60589B0D05DD56006BFB54 /* main.m in Sources */,
				1D3623260D0F684500981E51 /* AppDelegate.m in Sources */,
				302D95F114D2391D003F00A1 /* MainViewController.m in Sources */,
				57EAE9F8B894416CA7BFF6D9 /* UIImage+CropScaleOrientation.m in Sources */,
				2215165B7D2241B8B597F71D /* CDVCamera.m in Sources */,
				CC89CDFE84D64F2FBCA2151A /* CDVJpegHeaderWriter.m in Sources */,
				5A77598199C04C87BB9542F9 /* CDVLogger.m in Sources */,
				4FB61B8BA86E4906BF2437E2 /* CDVDevice.m in Sources */,
				6B8A69E706E9412B8C5B303A /* CDVFile.m in Sources */,
				70A675AF7A6248D5AC50EFBA /* CDVLocalFilesystem.m in Sources */,
				64CD0C059039485B9A9D9159 /* CDVAssetLibraryFilesystem.m in Sources */,
				2FABAC18679E43959AF5D814 /* CDVFileTransfer.m in Sources */,
				FC4E7600E89C4C2190409B82 /* CDVLocation.m in Sources */,
				DDF04B797D8E4F009A7F41AF /* CDVInAppBrowser.m in Sources */,
				D994037A1B824DBC9E0F3E01 /* CDVSplashScreen.m in Sources */,
				96EF6D8CAD0046F888306ABE /* CDVViewController+SplashScreen.m in Sources */,
				97A9F36D74ED4768B73D31D5 /* CDVStatusBar.m in Sources */,
				4E982DF39E3641BB9D783641 /* IonicKeyboard.m in Sources */,
				528F6CBFCF874E4D8D4C34ED /* UIWebViewExtension.m in Sources */,
				03C4CC5377074C06A2BCA5E4 /* FacebookConnectPlugin.m in Sources */,
				BC8E63FEF61A49BE99BD2EE2 /* Toast+UIView.m in Sources */,
				E021A748D40546F59FAA11CC /* Toast.m in Sources */,
			);
			runOnlyForDeploymentPostprocessing = 0;
		};
/* End PBXSourcesBuildPhase section */

/* Begin PBXTargetDependency section */
		301BF551109A68C00062928A /* PBXTargetDependency */ = {
			isa = PBXTargetDependency;
			name = CordovaLib;
			targetProxy = 301BF550109A68C00062928A /* PBXContainerItemProxy */;
		};
/* End PBXTargetDependency section */

/* Begin XCBuildConfiguration section */
		1D6058940D05DD3E006BFB54 /* Debug */ = {
			isa = XCBuildConfiguration;
			baseConfigurationReference = 3047A50F1AB8059700498E2A /* build-debug.xcconfig */;
			buildSettings = {
				ALWAYS_SEARCH_USER_PATHS = NO;
				ASSETCATALOG_COMPILER_APPICON_NAME = AppIcon;
				ASSETCATALOG_COMPILER_LAUNCHIMAGE_NAME = LaunchImage;
				CLANG_ENABLE_MODULES = YES;
				CLANG_ENABLE_OBJC_ARC = YES;
				CODE_SIGN_IDENTITY = "iPhone Developer";
				"CODE_SIGN_IDENTITY[sdk=iphoneos*]" = "iPhone Developer";
				COPY_PHASE_STRIP = NO;
				FRAMEWORK_SEARCH_PATHS = (
					"$(inherited)",
					"\"Erosify/Plugins/phonegap-facebook-plugin\"",
					"\"Erosify/Plugins/cordova-plugin-facebook4\"",
					"\"Erosify/Plugins/cordova-plugin-facebook4\"",
					"\"Erosify/Plugins/cordova-plugin-facebook4\"",
					"\"Erosify/Plugins/cordova-plugin-facebook4\"",
				);
				GCC_DYNAMIC_NO_PIC = NO;
				GCC_OPTIMIZATION_LEVEL = 0;
				GCC_PRECOMPILE_PREFIX_HEADER = YES;
				GCC_PREFIX_HEADER = "Erosify/Erosify-Prefix.pch";
				GCC_THUMB_SUPPORT = NO;
				GCC_VERSION = "";
				INFOPLIST_FILE = "Erosify/Erosify-Info.plist";
				LD_RUNPATH_SEARCH_PATHS = "@executable_path/Frameworks";
				PRODUCT_BUNDLE_IDENTIFIER = com.ionicframework.erosifyapp;
				PRODUCT_NAME = Erosify;
				PROVISIONING_PROFILE = "";
				TARGETED_DEVICE_FAMILY = 1;
			};
			name = Debug;
		};
		1D6058950D05DD3E006BFB54 /* Release */ = {
			isa = XCBuildConfiguration;
			baseConfigurationReference = 3047A5101AB8059700498E2A /* build-release.xcconfig */;
			buildSettings = {
				ALWAYS_SEARCH_USER_PATHS = NO;
				ASSETCATALOG_COMPILER_APPICON_NAME = AppIcon;
				ASSETCATALOG_COMPILER_LAUNCHIMAGE_NAME = LaunchImage;
				CLANG_ENABLE_MODULES = YES;
				CLANG_ENABLE_OBJC_ARC = YES;
				CODE_SIGN_IDENTITY = "iPhone Developer";
				"CODE_SIGN_IDENTITY[sdk=iphoneos*]" = "iPhone Developer";
				COPY_PHASE_STRIP = YES;
				FRAMEWORK_SEARCH_PATHS = (
					"$(inherited)",
					"\"Erosify/Plugins/phonegap-facebook-plugin\"",
					"\"Erosify/Plugins/cordova-plugin-facebook4\"",
					"\"Erosify/Plugins/cordova-plugin-facebook4\"",
					"\"Erosify/Plugins/cordova-plugin-facebook4\"",
					"\"Erosify/Plugins/cordova-plugin-facebook4\"",
				);
				GCC_PRECOMPILE_PREFIX_HEADER = YES;
				GCC_PREFIX_HEADER = "Erosify/Erosify-Prefix.pch";
				GCC_THUMB_SUPPORT = NO;
				GCC_VERSION = "";
				INFOPLIST_FILE = "Erosify/Erosify-Info.plist";
				PRODUCT_BUNDLE_IDENTIFIER = com.ionicframework.erosifyapp;
				PRODUCT_NAME = Erosify;
				PROVISIONING_PROFILE = "";
				TARGETED_DEVICE_FAMILY = 1;
			};
			name = Release;
		};
		C01FCF4F08A954540054247B /* Debug */ = {
			isa = XCBuildConfiguration;
			baseConfigurationReference = 3047A5111AB8059700498E2A /* build.xcconfig */;
			buildSettings = {
				CLANG_ENABLE_MODULES = YES;
				CLANG_ENABLE_OBJC_ARC = YES;
				CLANG_WARN_BOOL_CONVERSION = YES;
				CLANG_WARN_CONSTANT_CONVERSION = YES;
				CLANG_WARN_EMPTY_BODY = YES;
				CLANG_WARN_ENUM_CONVERSION = YES;
				CLANG_WARN_INT_CONVERSION = YES;
				CLANG_WARN__DUPLICATE_METHOD_MATCH = YES;
				ENABLE_TESTABILITY = YES;
				GCC_C_LANGUAGE_STANDARD = c99;
				GCC_THUMB_SUPPORT = NO;
				GCC_VERSION = "";
				GCC_WARN_ABOUT_RETURN_TYPE = YES;
				GCC_WARN_UNDECLARED_SELECTOR = YES;
				GCC_WARN_UNINITIALIZED_AUTOS = YES;
				GCC_WARN_UNUSED_FUNCTION = YES;
				GCC_WARN_UNUSED_VARIABLE = YES;
				ONLY_ACTIVE_ARCH = YES;
				SDKROOT = iphoneos;
				SKIP_INSTALL = NO;
			};
			name = Debug;
		};
		C01FCF5008A954540054247B /* Release */ = {
			isa = XCBuildConfiguration;
			baseConfigurationReference = 3047A5111AB8059700498E2A /* build.xcconfig */;
			buildSettings = {
				CLANG_ENABLE_MODULES = YES;
				CLANG_ENABLE_OBJC_ARC = YES;
				CLANG_WARN_BOOL_CONVERSION = YES;
				CLANG_WARN_CONSTANT_CONVERSION = YES;
				CLANG_WARN_EMPTY_BODY = YES;
				CLANG_WARN_ENUM_CONVERSION = YES;
				CLANG_WARN_INT_CONVERSION = YES;
				CLANG_WARN__DUPLICATE_METHOD_MATCH = YES;
				GCC_C_LANGUAGE_STANDARD = c99;
				GCC_THUMB_SUPPORT = NO;
				GCC_VERSION = "";
				GCC_WARN_ABOUT_RETURN_TYPE = YES;
				GCC_WARN_UNDECLARED_SELECTOR = YES;
				GCC_WARN_UNINITIALIZED_AUTOS = YES;
				GCC_WARN_UNUSED_FUNCTION = YES;
				GCC_WARN_UNUSED_VARIABLE = YES;
				SDKROOT = iphoneos;
				SKIP_INSTALL = NO;
			};
			name = Release;
		};
/* End XCBuildConfiguration section */

/* Begin XCConfigurationList section */
		1D6058960D05DD3E006BFB54 /* Build configuration list for PBXNativeTarget "Erosify" */ = {
			isa = XCConfigurationList;
			buildConfigurations = (
				1D6058940D05DD3E006BFB54 /* Debug */,
				1D6058950D05DD3E006BFB54 /* Release */,
			);
			defaultConfigurationIsVisible = 0;
			defaultConfigurationName = Release;
		};
		C01FCF4E08A954540054247B /* Build configuration list for PBXProject "Erosify" */ = {
			isa = XCConfigurationList;
			buildConfigurations = (
				C01FCF4F08A954540054247B /* Debug */,
				C01FCF5008A954540054247B /* Release */,
			);
			defaultConfigurationIsVisible = 0;
			defaultConfigurationName = Release;
		};
/* End XCConfigurationList section */
	};
	rootObject = 29B97313FDCFA39411CA2CEA /* Project object */;
}
